{
  "name": "server",
  "version": "0.0.0",
  "lockfileVersion": 1,
  "requires": true,
  "dependencies": {
    "async": {
      "version": "2.6.1",
      "resolved": "https://registry.npmjs.org/async/-/async-2.6.1.tgz",
      "integrity": "sha512-fNEiL2+AZt6AlAw/29Cr0UDe4sRAHCpEHh54WMz+Bb7QfNcFw4h3loofyJpLeQs4Yx7yuqu/2dLgM5hKOs6HlQ==",
      "requires": {
        "lodash": "^4.17.10"
      }
    },
    "asynckit": {
      "version": "0.4.0",
      "resolved": "https://registry.npmjs.org/asynckit/-/asynckit-0.4.0.tgz",
      "integrity": "sha1-x57Zf380y48robyXkLzDZkdLS3k="
    },
    "axios": {
      "version": "0.18.0",
      "resolved": "https://registry.npmjs.org/axios/-/axios-0.18.0.tgz",
      "integrity": "sha1-MtU+SFHv3AoRmTts0AB4nXDAUQI=",
      "requires": {
        "follow-redirects": "^1.3.0",
        "is-buffer": "^1.1.5"
      }
    },
    "balanced-match": {
      "version": "1.0.0",
      "resolved": "https://registry.npmjs.org/balanced-match/-/balanced-match-1.0.0.tgz",
      "integrity": "sha1-ibTRmasr7kneFk6gK4nORi1xt2c="
    },
    "base64-js": {
      "version": "1.5.1",
      "resolved": "https://registry.npmjs.org/base64-js/-/base64-js-1.5.1.tgz",
      "integrity": "sha512-AKpaYlHn8t4SVbOHCy+b5+KKgvR4vrsD8vbvrbiQJps7fKDTkjkDry6ji0rUJjC0kzbNePLwzxq8iypo41qeWA=="
    },
    "binary": {
      "version": "0.3.0",
      "resolved": "https://registry.npmjs.org/binary/-/binary-0.3.0.tgz",
      "integrity": "sha1-n2BVO8XOjDOG87VTz/R0Yq3sqnk=",
      "requires": {
        "buffers": "~0.1.1",
        "chainsaw": "~0.1.0"
      }
    },
    "bindings": {
      "version": "1.3.0",
      "resolved": "https://registry.npmjs.org/bindings/-/bindings-1.3.0.tgz",
      "integrity": "sha512-DpLh5EzMR2kzvX1KIlVC0VkC3iZtHKTgdtZ0a3pglBZdaQFjt5S9g9xd1lE+YvXyfd6mtCeRnrUfOLYiTMlNSw==",
      "optional": true
    },
    "bl": {
      "version": "1.2.2",
      "resolved": "https://registry.npmjs.org/bl/-/bl-1.2.2.tgz",
      "integrity": "sha512-e8tQYnZodmebYDWGH7KMRvtzKXaJHx3BbilrgZCfvyLUYdKpK1t5PSPmpkny/SgiTSCnjfLW7v5rlONXVFkQEA==",
      "requires": {
        "readable-stream": "^2.3.5",
        "safe-buffer": "^5.1.1"
      }
    },
    "bluebird": {
      "version": "3.5.3",
      "resolved": "https://registry.npmjs.org/bluebird/-/bluebird-3.5.3.tgz",
      "integrity": "sha512-/qKPUQlaW1OyR51WeCPBvRnAlnZFUJkCSG5HzGnuIqhgyJtF+T94lFnn33eiazjRm2LAHVy2guNnaq48X9SJuw=="
    },
    "brace-expansion": {
      "version": "1.1.11",
      "resolved": "https://registry.npmjs.org/brace-expansion/-/brace-expansion-1.1.11.tgz",
      "integrity": "sha512-iCuPHDFgrHX7H2vEI/5xpz07zSHB00TpugqhmYtVmMO6518mCuRMoOYFldEBl0g187ufozdaHgWKcYFb61qGiA==",
      "requires": {
        "balanced-match": "^1.0.0",
        "concat-map": "0.0.1"
      }
    },
    "buffer": {
      "version": "5.7.1",
      "resolved": "https://registry.npmjs.org/buffer/-/buffer-5.7.1.tgz",
      "integrity": "sha512-EHcyIPBQ4BSGlvjB16k5KgAJ27CIsHY/2JBmCRReo48y9rQ3MaUzWX3KVlBa4U7MyX02HdVj0K7C3WaB3ju7FQ==",
      "requires": {
        "base64-js": "^1.3.1",
        "ieee754": "^1.1.13"
      }
    },
    "buffer-crc32": {
      "version": "0.2.13",
      "resolved": "https://registry.npmjs.org/buffer-crc32/-/buffer-crc32-0.2.13.tgz",
      "integrity": "sha1-DTM+PwDqxQqhRUq9MO+MKl2ackI="
    },
    "buffer-equal-constant-time": {
      "version": "1.0.1",
      "resolved": "https://registry.npmjs.org/buffer-equal-constant-time/-/buffer-equal-constant-time-1.0.1.tgz",
      "integrity": "sha1-+OcRMvf/5uAaXJaXpMbz5I1cyBk="
    },
    "buffermaker": {
      "version": "1.2.0",
      "resolved": "https://registry.npmjs.org/buffermaker/-/buffermaker-1.2.0.tgz",
      "integrity": "sha1-u3MlLsCIK3Y56bVWuCnav8LK4bo=",
      "requires": {
        "long": "1.1.2"
      }
    },
    "buffers": {
      "version": "0.1.1",
      "resolved": "https://registry.npmjs.org/buffers/-/buffers-0.1.1.tgz",
      "integrity": "sha1-skV5w77U1tOWru5tmorn9Ugqt7s="
    },
    "chainsaw": {
      "version": "0.1.0",
      "resolved": "https://registry.npmjs.org/chainsaw/-/chainsaw-0.1.0.tgz",
      "integrity": "sha1-XqtQsor+WAdNDVgpE4iCi15fvJg=",
      "requires": {
        "traverse": ">=0.3.0 <0.4"
      }
    },
    "combined-stream": {
      "version": "1.0.6",
      "resolved": "https://registry.npmjs.org/combined-stream/-/combined-stream-1.0.6.tgz",
      "integrity": "sha1-cj599ugBrFYTETp+RFqbactjKBg=",
      "requires": {
        "delayed-stream": "~1.0.0"
      }
    },
    "concat-map": {
      "version": "0.0.1",
      "resolved": "https://registry.npmjs.org/concat-map/-/concat-map-0.0.1.tgz",
      "integrity": "sha1-2Klr13/Wjfd5OnMDajug1UBdR3s="
    },
    "core-util-is": {
      "version": "1.0.2",
      "resolved": "https://registry.npmjs.org/core-util-is/-/core-util-is-1.0.2.tgz",
      "integrity": "sha1-tf1UIgqivFq1eqtxQMlAdUUDwac="
    },
    "crc": {
      "version": "3.8.0",
      "resolved": "https://registry.npmjs.org/crc/-/crc-3.8.0.tgz",
      "integrity": "sha512-iX3mfgcTMIq3ZKLIsVFAbv7+Mc10kxabAGQb8HvjA1o3T1PIYprbakQ65d3I+2HGHt6nSKkM9PYjgoJO2KcFBQ==",
      "requires": {
        "buffer": "^5.1.0"
      }
    },
    "debug": {
      "version": "3.1.0",
      "resolved": "https://registry.npmjs.org/debug/-/debug-3.1.0.tgz",
      "integrity": "sha512-OX8XqP7/1a9cqkxYw2yXss15f26NKWBpDXQd0/uK/KPqdQhxbPa994hnzjcE2VqQpDslf55723cKPUOGSmMY3g==",
      "requires": {
        "ms": "2.0.0"
      }
    },
    "delayed-stream": {
      "version": "1.0.0",
      "resolved": "https://registry.npmjs.org/delayed-stream/-/delayed-stream-1.0.0.tgz",
      "integrity": "sha1-3zrhmayt+31ECqrgsp4icrJOxhk="
    },
    "double-ended-queue": {
      "version": "2.1.0-0",
      "resolved": "https://registry.npmjs.org/double-ended-queue/-/double-ended-queue-2.1.0-0.tgz",
      "integrity": "sha1-ED01J/0xUo9AGIEwyEHv3XgmTlw="
    },
    "ecdsa-sig-formatter": {
      "version": "1.0.10",
      "resolved": "https://registry.npmjs.org/ecdsa-sig-formatter/-/ecdsa-sig-formatter-1.0.10.tgz",
      "integrity": "sha1-HFlQAPBKiJffuFAAiSoPTDOvhsM=",
      "requires": {
        "safe-buffer": "^5.0.1"
      }
    },
    "entities": {
      "version": "1.1.2",
      "resolved": "https://registry.npmjs.org/entities/-/entities-1.1.2.tgz",
      "integrity": "sha512-f2LZMYl1Fzu7YSBKg+RoROelpOaNrcGmE9AZubeDfrCEia483oW4MI4VyFd5VNHIgQ/7qm1I0wUHK1eJnn2y2w=="
    },
    "extend": {
      "version": "3.0.2",
      "resolved": "https://registry.npmjs.org/extend/-/extend-3.0.2.tgz",
      "integrity": "sha512-fjquC59cD7CyW6urNXK0FBufkZcoiGG80wTuPujX590cB5Ttln20E2UB4S/WARVqhXffZl2LNgS+gQdPIIim/g=="
    },
    "follow-redirects": {
      "version": "1.14.8",
      "resolved": "https://registry.npmjs.org/follow-redirects/-/follow-redirects-1.14.8.tgz",
      "integrity": "sha512-1x0S9UVJHsQprFcEC/qnNzBLcIxsjAV905f/UkQxbclCsoTWlacCNOpQa/anodLl2uaEKFhfWOvM2Qg77+15zA=="
    },
    "form-data": {
      "version": "2.3.2",
      "resolved": "https://registry.npmjs.org/form-data/-/form-data-2.3.2.tgz",
      "integrity": "sha1-SXBJi+YEwgwAXU9cI67NIda0kJk=",
      "requires": {
        "asynckit": "^0.4.0",
        "combined-stream": "1.0.6",
        "mime-types": "^2.1.12"
      }
    },
    "gcp-metadata": {
      "version": "0.6.3",
      "resolved": "http://registry.npmjs.org/gcp-metadata/-/gcp-metadata-0.6.3.tgz",
      "integrity": "sha512-MSmczZctbz91AxCvqp9GHBoZOSbJKAICV7Ow/AIWSJZRrRchUd5NL1b2P4OfP+4m490BEUPhhARfpHdqCxuCvg==",
      "requires": {
        "axios": "^0.18.0",
        "extend": "^3.0.1",
        "retry-axios": "0.3.2"
      }
    },
    "google-auth-library": {
      "version": "1.6.1",
      "resolved": "https://registry.npmjs.org/google-auth-library/-/google-auth-library-1.6.1.tgz",
      "integrity": "sha512-jYiWC8NA9n9OtQM7ANn0Tk464do9yhKEtaJ72pKcaBiEwn4LwcGYIYOfwtfsSm3aur/ed3tlSxbmg24IAT6gAg==",
      "requires": {
        "axios": "^0.18.0",
        "gcp-metadata": "^0.6.3",
        "gtoken": "^2.3.0",
        "jws": "^3.1.5",
        "lodash.isstring": "^4.0.1",
        "lru-cache": "^4.1.3",
        "retry-axios": "^0.3.2"
      }
    },
    "google-p12-pem": {
      "version": "1.0.2",
      "resolved": "https://registry.npmjs.org/google-p12-pem/-/google-p12-pem-1.0.2.tgz",
      "integrity": "sha512-+EuKr4CLlGsnXx4XIJIVkcKYrsa2xkAmCvxRhX2HsazJzUBAJ35wARGeApHUn4nNfPD03Vl057FskNr20VaCyg==",
      "requires": {
        "node-forge": "^0.7.4",
        "pify": "^3.0.0"
      }
    },
    "googleapis": {
      "version": "27.0.0",
      "resolved": "http://registry.npmjs.org/googleapis/-/googleapis-27.0.0.tgz",
      "integrity": "sha512-Cz0BRsZmewc21N50x5nAUW5cqaGhJ9ETQKZMGqGL4BxmCV7ETELazSqmNi4oCDeRwM4Iub/fIJWAWZk2i6XLCg==",
      "requires": {
        "google-auth-library": "^1.3.1",
        "pify": "^3.0.0",
        "qs": "^6.5.1",
        "string-template": "1.0.0",
        "uuid": "^3.2.1"
      }
    },
    "gtoken": {
      "version": "2.3.0",
      "resolved": "https://registry.npmjs.org/gtoken/-/gtoken-2.3.0.tgz",
      "integrity": "sha512-Jc9/8mV630cZE9FC5tIlJCZNdUjwunvlwOtCz6IDlaiB4Sz68ki29a1+q97sWTnTYroiuF9B135rod9zrQdHLw==",
      "requires": {
        "axios": "^0.18.0",
        "google-p12-pem": "^1.0.0",
        "jws": "^3.1.4",
        "mime": "^2.2.0",
        "pify": "^3.0.0"
      }
    },
    "hyper-request": {
      "version": "1.3.0",
      "resolved": "https://registry.npmjs.org/hyper-request/-/hyper-request-1.3.0.tgz",
      "integrity": "sha1-pkUXHrqA6onhtncSHc2OX+EPXrg="
    },
    "ieee754": {
      "version": "1.2.1",
      "resolved": "https://registry.npmjs.org/ieee754/-/ieee754-1.2.1.tgz",
      "integrity": "sha512-dcyqhDvX1C46lXZcVqCpK+FtMRQVdIMN6/Df5js2zouUsqG7I6sFxitIC+7KYK29KdXOLHdu9zL4sFnoVQnqaA=="
    },
    "inherits": {
      "version": "2.0.3",
      "resolved": "https://registry.npmjs.org/inherits/-/inherits-2.0.3.tgz",
      "integrity": "sha1-Yzwsg+PaQqUC9SRmAiSA9CCCYd4="
    },
    "ip": {
      "version": "1.1.5",
      "resolved": "https://registry.npmjs.org/ip/-/ip-1.1.5.tgz",
      "integrity": "sha1-vd7XARQpCCjAoDnnLvJfWq7ENUo="
    },
    "is-buffer": {
      "version": "1.1.6",
      "resolved": "https://registry.npmjs.org/is-buffer/-/is-buffer-1.1.6.tgz",
      "integrity": "sha512-NcdALwpXkTm5Zvvbk7owOUSvVvBKDgKP5/ewfXEznmQFfs4ZRmanOeKBTjRVjka3QFoN6XJ+9F3USqfHqTaU5w=="
    },
    "isarray": {
      "version": "1.0.0",
      "resolved": "https://registry.npmjs.org/isarray/-/isarray-1.0.0.tgz",
      "integrity": "sha1-u5NdSFgsuhaMBoNJV6VKPgcSTxE="
    },
    "jwa": {
      "version": "1.1.6",
      "resolved": "https://registry.npmjs.org/jwa/-/jwa-1.1.6.tgz",
      "integrity": "sha512-tBO/cf++BUsJkYql/kBbJroKOgHWEigTKBAjjBEmrMGYd1QMBC74Hr4Wo2zCZw6ZrVhlJPvoMrkcOnlWR/DJfw==",
      "requires": {
        "buffer-equal-constant-time": "1.0.1",
        "ecdsa-sig-formatter": "1.0.10",
        "safe-buffer": "^5.0.1"
      }
    },
    "jws": {
      "version": "3.1.5",
      "resolved": "https://registry.npmjs.org/jws/-/jws-3.1.5.tgz",
      "integrity": "sha512-GsCSexFADNQUr8T5HPJvayTjvPIfoyJPtLQBwn5a4WZQchcrPMPMAWcC1AzJVRDKyD6ZPROPAxgv6rfHViO4uQ==",
      "requires": {
        "jwa": "^1.1.5",
        "safe-buffer": "^5.0.1"
      }
    },
    "kafka-node": {
      "version": "2.6.1",
      "resolved": "https://registry.npmjs.org/kafka-node/-/kafka-node-2.6.1.tgz",
      "integrity": "sha512-tpivkSLjiGHRLwx0YN87fMUATOK4NYWESJneHlpikEBNNA5od7fW/ikovS3tWooMqG4Nri55vPFRUNiNvNBWZA==",
      "requires": {
        "async": "^2.5.0",
        "binary": "~0.3.0",
        "bl": "^1.2.0",
        "buffer-crc32": "~0.2.5",
        "buffermaker": "~1.2.0",
        "debug": "^2.1.3",
        "lodash": "^4.17.4",
        "minimatch": "^3.0.2",
        "nested-error-stacks": "^2.0.0",
        "node-zookeeper-client": "~0.2.2",
        "optional": "^0.1.3",
        "retry": "^0.10.1",
        "snappy": "^6.0.1",
        "uuid": "^3.0.0"
      },
      "dependencies": {
        "debug": {
          "version": "2.6.9",
          "resolved": "https://registry.npmjs.org/debug/-/debug-2.6.9.tgz",
          "integrity": "sha512-bC7ElrdJaJnPbAP+1EotYvqZsb3ecl5wi6Bfi6BJTUcNowp6cvspg0jXznRTKDjm/E7AdgFBVeAPVMNcKGsHMA==",
          "requires": {
            "ms": "2.0.0"
          }
        }
      }
    },
    "lodash": {
      "version": "4.17.10",
      "resolved": "https://registry.npmjs.org/lodash/-/lodash-4.17.10.tgz",
      "integrity": "sha512-UejweD1pDoXu+AD825lWwp4ZGtSwgnpZxb3JDViD7StjQz+Nb/6l093lx4OQ0foGWNRoc19mWy7BzL+UAK2iVg=="
    },
    "lodash.isstring": {
      "version": "4.0.1",
      "resolved": "https://registry.npmjs.org/lodash.isstring/-/lodash.isstring-4.0.1.tgz",
      "integrity": "sha1-1SfftUVuynzJu5XV2ur4i6VKVFE="
    },
    "long": {
      "version": "1.1.2",
      "resolved": "https://registry.npmjs.org/long/-/long-1.1.2.tgz",
      "integrity": "sha1-6u9ZUcp1UdlpJrgtokLbnWso+1M="
    },
    "lru-cache": {
      "version": "4.1.3",
      "resolved": "https://registry.npmjs.org/lru-cache/-/lru-cache-4.1.3.tgz",
      "integrity": "sha512-fFEhvcgzuIoJVUF8fYr5KR0YqxD238zgObTps31YdADwPPAp82a4M8TrckkWyx7ekNlf9aBcVn81cFwwXngrJA==",
      "requires": {
        "pseudomap": "^1.0.2",
        "yallist": "^2.1.2"
      }
    },
    "mime": {
      "version": "2.3.1",
      "resolved": "https://registry.npmjs.org/mime/-/mime-2.3.1.tgz",
      "integrity": "sha512-OEUllcVoydBHGN1z84yfQDimn58pZNNNXgZlHXSboxMlFvgI6MXSWpWKpFRra7H1HxpVhHTkrghfRW49k6yjeg=="
    },
    "mime-db": {
      "version": "1.33.0",
      "resolved": "https://registry.npmjs.org/mime-db/-/mime-db-1.33.0.tgz",
      "integrity": "sha512-BHJ/EKruNIqJf/QahvxwQZXKygOQ256myeN/Ew+THcAa5q+PjyTTMMeNQC4DZw5AwfvelsUrA6B67NKMqXDbzQ=="
    },
    "mime-types": {
      "version": "2.1.18",
      "resolved": "https://registry.npmjs.org/mime-types/-/mime-types-2.1.18.tgz",
      "integrity": "sha512-lc/aahn+t4/SWV/qcmumYjymLsWfN3ELhpmVuUFjgsORruuZPVSwAQryq+HHGvO/SI2KVX26bx+En+zhM8g8hQ==",
      "requires": {
        "mime-db": "~1.33.0"
      }
    },
    "minimatch": {
      "version": "3.0.4",
      "resolved": "https://registry.npmjs.org/minimatch/-/minimatch-3.0.4.tgz",
      "integrity": "sha512-yJHVQEhyqPLUTgt9B83PXu6W3rx4MvvHvSUvToogpwoGDOUQ+yDrR0HRot+yOCdCO7u4hX3pWft6kWBBcqh0UA==",
      "requires": {
        "brace-expansion": "^1.1.7"
      }
    },
    "moment": {
      "version": "2.18.1",
      "resolved": "https://registry.npmjs.org/moment/-/moment-2.18.1.tgz",
      "integrity": "sha1-w2GT3Tzhwu7SrbfIAtu8d6gbHA8="
    },
    "moment-timezone": {
      "version": "0.5.11",
      "resolved": "https://registry.npmjs.org/moment-timezone/-/moment-timezone-0.5.11.tgz",
      "integrity": "sha1-m3bAPY71FMfkJJp7vOZJ7tOe8p8=",
      "requires": {
        "moment": ">= 2.6.0"
      }
    },
    "ms": {
      "version": "2.0.0",
      "resolved": "https://registry.npmjs.org/ms/-/ms-2.0.0.tgz",
      "integrity": "sha1-VgiurfwAvmwpAd9fmGF4jeDVl8g="
    },
    "nan": {
      "version": "2.10.0",
      "resolved": "https://registry.npmjs.org/nan/-/nan-2.10.0.tgz",
      "integrity": "sha512-bAdJv7fBLhWC+/Bls0Oza+mvTaNQtP+1RyhhhvD95pgUJz6XM5IzgmxOkItJ9tkoCiplvAnXI1tNmmUD/eScyA==",
      "optional": true
    },
    "nested-error-stacks": {
      "version": "2.0.1",
      "resolved": "https://registry.npmjs.org/nested-error-stacks/-/nested-error-stacks-2.0.1.tgz",
      "integrity": "sha512-SrQrok4CATudVzBS7coSz26QRSmlK9TzzoFbeKfcPBUFPjcQM9Rqvr/DlJkOrwI/0KcgvMub1n1g5Jt9EgRn4A=="
    },
    "node-forge": {
      "version": "0.7.6",
      "resolved": "https://registry.npmjs.org/node-forge/-/node-forge-0.7.6.tgz",
      "integrity": "sha512-sol30LUpz1jQFBjOKwbjxijiE3b6pjd74YwfD0fJOKPjF+fONKb2Yg8rYgS6+bK6VDl+/wfr4IYpC7jDzLUIfw=="
    },
    "node-ssdp": {
      "version": "3.3.0",
      "resolved": "https://registry.npmjs.org/node-ssdp/-/node-ssdp-3.3.0.tgz",
      "integrity": "sha512-hFBkfUJytKC2x64jljojAbktG8aOL0C1YuNjCK54ZGBBg2382J3oTuK17T+aFgmy47noKHE5arLnYppo0JjcLw==",
      "requires": {
        "async": "^2.6.0",
        "bluebird": "^3.5.1",
        "debug": "^3.1.0",
        "extend": "^3.0.1",
        "ip": "^1.1.5"
      }
    },
    "node-zookeeper-client": {
      "version": "0.2.2",
      "resolved": "https://registry.npmjs.org/node-zookeeper-client/-/node-zookeeper-client-0.2.2.tgz",
      "integrity": "sha1-CXvaAZme749gLOBotjJgAGnb9oU=",
      "requires": {
        "async": "~0.2.7",
        "underscore": "~1.4.4"
      },
      "dependencies": {
        "async": {
          "version": "0.2.10",
          "resolved": "https://registry.npmjs.org/async/-/async-0.2.10.tgz",
          "integrity": "sha1-trvgsGdLnXGXCMo43owjfLUmw9E="
        }
      }
    },
    "optional": {
      "version": "0.1.4",
      "resolved": "https://registry.npmjs.org/optional/-/optional-0.1.4.tgz",
      "integrity": "sha512-gtvrrCfkE08wKcgXaVwQVgwEQ8vel2dc5DDBn9RLQZ3YtmtkBss6A2HY6BnJH4N/4Ku97Ri/SF8sNWE2225WJw=="
    },
    "p-finally": {
      "version": "1.0.0",
      "resolved": "https://registry.npmjs.org/p-finally/-/p-finally-1.0.0.tgz",
      "integrity": "sha1-P7z7FbiZpEEjs0ttzBi3JDNqLK4="
    },
    "p-timeout": {
      "version": "2.0.1",
      "resolved": "https://registry.npmjs.org/p-timeout/-/p-timeout-2.0.1.tgz",
      "integrity": "sha512-88em58dDVB/KzPEx1X0N3LwFfYZPyDc4B6eF38M1rk9VTZMbxXXgjugz8mmwpS9Ox4BDZ+t6t3QP5+/gazweIA==",
      "requires": {
        "p-finally": "^1.0.0"
      }
    },
    "pify": {
      "version": "3.0.0",
      "resolved": "https://registry.npmjs.org/pify/-/pify-3.0.0.tgz",
      "integrity": "sha1-5aSs0sEB/fPZpNB/DbxNtJ3SgXY="
    },
    "process-nextick-args": {
      "version": "2.0.0",
      "resolved": "https://registry.npmjs.org/process-nextick-args/-/process-nextick-args-2.0.0.tgz",
      "integrity": "sha512-MtEC1TqN0EU5nephaJ4rAtThHtC86dNN9qCuEhtshvpVBkAW5ZO7BASN9REnF9eoXGcRub+pFuKEpOHE+HbEMw=="
    },
    "pseudomap": {
      "version": "1.0.2",
      "resolved": "https://registry.npmjs.org/pseudomap/-/pseudomap-1.0.2.tgz",
      "integrity": "sha1-8FKijacOYYkX7wqKw0wa5aaChrM="
    },
    "q": {
      "version": "1.5.1",
      "resolved": "https://registry.npmjs.org/q/-/q-1.5.1.tgz",
      "integrity": "sha1-fjL3W0E4EpHQRhHxvxQQmsAGUdc="
    },
    "qs": {
      "version": "6.5.2",
      "resolved": "https://registry.npmjs.org/qs/-/qs-6.5.2.tgz",
      "integrity": "sha512-N5ZAX4/LxJmF+7wN74pUD6qAh9/wnvdQcjq9TZjevvXzSUo7bfmw91saqMjzGS2xq91/odN2dW/WOl7qQHNDGA=="
    },
    "querystring": {
      "version": "0.2.0",
      "resolved": "https://registry.npmjs.org/querystring/-/querystring-0.2.0.tgz",
      "integrity": "sha1-sgmEkgO7Jd+CDadW50cAWHhSFiA="
    },
    "readable-stream": {
      "version": "2.3.6",
      "resolved": "https://registry.npmjs.org/readable-stream/-/readable-stream-2.3.6.tgz",
      "integrity": "sha512-tQtKA9WIAhBF3+VLAseyMqZeBjW0AHJoxOtYqSUZNJxauErmLbVm2FW1y+J/YA9dUrAC39ITejlZWhVIwawkKw==",
      "requires": {
        "core-util-is": "~1.0.0",
        "inherits": "~2.0.3",
        "isarray": "~1.0.0",
        "process-nextick-args": "~2.0.0",
        "safe-buffer": "~5.1.1",
        "string_decoder": "~1.1.1",
        "util-deprecate": "~1.0.1"
      }
    },
    "redis": {
      "version": "2.8.0",
      "resolved": "https://registry.npmjs.org/redis/-/redis-2.8.0.tgz",
      "integrity": "sha512-M1OkonEQwtRmZv4tEWF2VgpG0JWJ8Fv1PhlgT5+B+uNq2cA3Rt1Yt/ryoR+vQNOQcIEgdCdfH0jr3bDpihAw1A==",
      "requires": {
        "double-ended-queue": "^2.1.0-0",
        "redis-commands": "^1.2.0",
        "redis-parser": "^2.6.0"
      }
    },
    "redis-commands": {
      "version": "1.4.0",
      "resolved": "https://registry.npmjs.org/redis-commands/-/redis-commands-1.4.0.tgz",
      "integrity": "sha512-cu8EF+MtkwI4DLIT0x9P8qNTLFhQD4jLfxLR0cCNkeGzs87FN6879JOJwNQR/1zD7aSYNbU0hgsV9zGY71Itvw=="
    },
    "redis-parser": {
      "version": "2.6.0",
      "resolved": "https://registry.npmjs.org/redis-parser/-/redis-parser-2.6.0.tgz",
      "integrity": "sha1-Uu0J2srBCPGmMcB+m2mUHnoZUEs="
    },
    "request": {
      "version": "2.72.0",
      "resolved": "https://registry.npmjs.org/request/-/request-2.72.0.tgz",
      "integrity": "sha1-DOOheVEmILEEQfFMguIcEsDdtOE=",
      "requires": {
        "aws-sign2": "~0.6.0",
        "aws4": "^1.2.1",
        "bl": "~1.1.2",
        "caseless": "~0.11.0",
        "combined-stream": "~1.0.5",
        "extend": "~3.0.0",
        "forever-agent": "~0.6.1",
        "form-data": "~1.0.0-rc3",
        "har-validator": "~2.0.6",
        "hawk": "~3.1.3",
        "http-signature": "~1.1.0",
        "is-typedarray": "~1.0.0",
        "isstream": "~0.1.2",
        "json-stringify-safe": "~5.0.1",
        "mime-types": "~2.1.7",
        "node-uuid": "~1.4.7",
        "oauth-sign": "~0.8.1",
        "qs": "~6.1.0",
        "stringstream": "~0.0.4",
        "tough-cookie": "~2.2.0",
        "tunnel-agent": "~0.4.1"
      },
      "dependencies": {
        "aws-sign2": {
          "version": "0.6.0",
          "resolved": "https://registry.npmjs.org/aws-sign2/-/aws-sign2-0.6.0.tgz",
          "integrity": "sha1-FDQt0428yU0OW4fXY81jYSwOeU8="
        },
        "aws4": {
          "version": "1.3.2",
          "resolved": "https://registry.npmjs.org/aws4/-/aws4-1.3.2.tgz",
          "integrity": "sha1-054L7kEs7Q6O2Uoj4xTzE6lbn9E=",
          "requires": {
            "lru-cache": "^4.0.0"
          },
          "dependencies": {
            "lru-cache": {
              "version": "4.0.1",
              "resolved": "https://registry.npmjs.org/lru-cache/-/lru-cache-4.0.1.tgz",
              "integrity": "sha1-E0OVXtry432bnn7nJB4nxLn7cr4=",
              "requires": {
                "pseudomap": "^1.0.1",
                "yallist": "^2.0.0"
              },
              "dependencies": {
                "pseudomap": {
                  "version": "1.0.2",
                  "resolved": "https://registry.npmjs.org/pseudomap/-/pseudomap-1.0.2.tgz",
                  "integrity": "sha1-8FKijacOYYkX7wqKw0wa5aaChrM="
                },
                "yallist": {
                  "version": "2.0.0",
                  "resolved": "https://registry.npmjs.org/yallist/-/yallist-2.0.0.tgz",
                  "integrity": "sha1-MGxUODXwnuGkyyO3vOmrNByRzdQ="
                }
              }
            }
          }
        },
        "bl": {
          "version": "1.1.2",
          "resolved": "https://registry.npmjs.org/bl/-/bl-1.1.2.tgz",
          "integrity": "sha1-/cqHGplxOqANGeO7ukHER4emU5g=",
          "requires": {
            "readable-stream": "~2.0.5"
          },
          "dependencies": {
            "readable-stream": {
              "version": "2.0.6",
              "resolved": "https://registry.npmjs.org/readable-stream/-/readable-stream-2.0.6.tgz",
              "integrity": "sha1-j5A0HmilPMySh4jaz80Rs265t44=",
              "requires": {
                "core-util-is": "~1.0.0",
                "inherits": "~2.0.1",
                "isarray": "~1.0.0",
                "process-nextick-args": "~1.0.6",
                "string_decoder": "~0.10.x",
                "util-deprecate": "~1.0.1"
              },
              "dependencies": {
                "core-util-is": {
                  "version": "1.0.2",
                  "resolved": "https://registry.npmjs.org/core-util-is/-/core-util-is-1.0.2.tgz",
                  "integrity": "sha1-tf1UIgqivFq1eqtxQMlAdUUDwac="
                },
                "isarray": {
                  "version": "1.0.0",
                  "resolved": "https://registry.npmjs.org/isarray/-/isarray-1.0.0.tgz",
                  "integrity": "sha1-u5NdSFgsuhaMBoNJV6VKPgcSTxE="
                },
                "process-nextick-args": {
                  "version": "1.0.7",
                  "resolved": "https://registry.npmjs.org/process-nextick-args/-/process-nextick-args-1.0.7.tgz",
                  "integrity": "sha1-FQ4gt1ZZCtP5EJPyWk8q2L/zC6M="
                },
                "string_decoder": {
                  "version": "0.10.31",
                  "resolved": "https://registry.npmjs.org/string_decoder/-/string_decoder-0.10.31.tgz",
                  "integrity": "sha1-YuIDvEF2bGwoyfyEMB2rHFMQ+pQ="
                },
                "util-deprecate": {
                  "version": "1.0.2",
                  "resolved": "https://registry.npmjs.org/util-deprecate/-/util-deprecate-1.0.2.tgz",
                  "integrity": "sha1-RQ1Nyfpw3nMnYvvS1KKJgUGaDM8="
                }
              }
            }
          }
        },
        "caseless": {
          "version": "0.11.0",
          "resolved": "https://registry.npmjs.org/caseless/-/caseless-0.11.0.tgz",
          "integrity": "sha1-cVuW6phBWTzDMGeSP17GDr2k99c="
        },
        "combined-stream": {
          "version": "1.0.5",
          "resolved": "https://registry.npmjs.org/combined-stream/-/combined-stream-1.0.5.tgz",
          "integrity": "sha1-k4NwpXtKUd6ix3wV1cX9+JUWQAk=",
          "requires": {
            "delayed-stream": "~1.0.0"
          },
          "dependencies": {
            "delayed-stream": {
              "version": "1.0.0",
              "resolved": "https://registry.npmjs.org/delayed-stream/-/delayed-stream-1.0.0.tgz",
              "integrity": "sha1-3zrhmayt+31ECqrgsp4icrJOxhk="
            }
          }
        },
        "extend": {
          "version": "3.0.0",
          "resolved": "https://registry.npmjs.org/extend/-/extend-3.0.0.tgz",
          "integrity": "sha1-WkdDU7nzNT3dgXbf03uRyDpG8dQ="
        },
        "forever-agent": {
          "version": "0.6.1",
          "resolved": "https://registry.npmjs.org/forever-agent/-/forever-agent-0.6.1.tgz",
          "integrity": "sha1-+8cfDEGt6zf5bFd60e1C2P2sypE="
        },
        "form-data": {
          "version": "1.0.0-rc4",
          "resolved": "https://registry.npmjs.org/form-data/-/form-data-1.0.0-rc4.tgz",
          "integrity": "sha1-BaxrwiIntD5EYfSIFhVUaZ1Pi14=",
          "requires": {
            "async": "^1.5.2",
            "combined-stream": "^1.0.5",
            "mime-types": "^2.1.10"
          },
          "dependencies": {
            "async": {
              "version": "1.5.2",
              "resolved": "https://registry.npmjs.org/async/-/async-1.5.2.tgz",
              "integrity": "sha1-7GphrlZIDAw8skHJVhjiCJL5Zyo="
            }
          }
        },
        "har-validator": {
          "version": "2.0.6",
          "resolved": "https://registry.npmjs.org/har-validator/-/har-validator-2.0.6.tgz",
          "integrity": "sha1-zcvAgYgmWtEZtqWnyKtw7s+10n0=",
          "requires": {
            "chalk": "^1.1.1",
            "commander": "^2.9.0",
            "is-my-json-valid": "^2.12.4",
            "pinkie-promise": "^2.0.0"
          },
          "dependencies": {
            "chalk": {
              "version": "1.1.3",
              "resolved": "https://registry.npmjs.org/chalk/-/chalk-1.1.3.tgz",
              "integrity": "sha1-qBFcVeSnAv5NFQq9OHKCKn4J/Jg=",
              "requires": {
                "ansi-styles": "^2.2.1",
                "escape-string-regexp": "^1.0.2",
                "has-ansi": "^2.0.0",
                "strip-ansi": "^3.0.0",
                "supports-color": "^2.0.0"
              },
              "dependencies": {
                "ansi-styles": {
                  "version": "2.2.1",
                  "resolved": "https://registry.npmjs.org/ansi-styles/-/ansi-styles-2.2.1.tgz",
                  "integrity": "sha1-tDLdM1i2NM914eRmQ2gkBTPB3b4="
                },
                "escape-string-regexp": {
                  "version": "1.0.5",
                  "resolved": "https://registry.npmjs.org/escape-string-regexp/-/escape-string-regexp-1.0.5.tgz",
                  "integrity": "sha1-G2HAViGQqN/2rjuyzwIAyhMLhtQ="
                },
                "has-ansi": {
                  "version": "2.0.0",
                  "resolved": "https://registry.npmjs.org/has-ansi/-/has-ansi-2.0.0.tgz",
                  "integrity": "sha1-NPUEnOHs3ysGSa8+8k5F7TVBbZE=",
                  "requires": {
                    "ansi-regex": "^2.0.0"
                  },
                  "dependencies": {
                    "ansi-regex": {
                      "version": "2.0.0",
                      "resolved": "https://registry.npmjs.org/ansi-regex/-/ansi-regex-2.0.0.tgz",
                      "integrity": "sha1-xQYbbg74qBd15Q9dZhUb9r83EQc="
                    }
                  }
                },
                "strip-ansi": {
                  "version": "3.0.1",
                  "resolved": "https://registry.npmjs.org/strip-ansi/-/strip-ansi-3.0.1.tgz",
                  "integrity": "sha1-ajhfuIU9lS1f8F0Oiq+UJ43GPc8=",
                  "requires": {
                    "ansi-regex": "^2.0.0"
                  },
                  "dependencies": {
                    "ansi-regex": {
                      "version": "2.0.0",
                      "resolved": "https://registry.npmjs.org/ansi-regex/-/ansi-regex-2.0.0.tgz",
                      "integrity": "sha1-xQYbbg74qBd15Q9dZhUb9r83EQc="
                    }
                  }
                },
                "supports-color": {
                  "version": "2.0.0",
                  "resolved": "https://registry.npmjs.org/supports-color/-/supports-color-2.0.0.tgz",
                  "integrity": "sha1-U10EXOa2Nj+kARcIRimZXp3zJMc="
                }
              }
            },
            "commander": {
              "version": "2.9.0",
              "resolved": "https://registry.npmjs.org/commander/-/commander-2.9.0.tgz",
              "integrity": "sha1-nJkJQXbhIkDLItbFFGCYQA/g99Q=",
              "requires": {
                "graceful-readlink": ">= 1.0.0"
              },
              "dependencies": {
                "graceful-readlink": {
                  "version": "1.0.1",
                  "resolved": "https://registry.npmjs.org/graceful-readlink/-/graceful-readlink-1.0.1.tgz",
                  "integrity": "sha1-TK+tdrxi8C+gObL5Tpo906ORpyU="
                }
              }
            },
            "is-my-json-valid": {
              "version": "2.13.1",
              "resolved": "https://registry.npmjs.org/is-my-json-valid/-/is-my-json-valid-2.13.1.tgz",
              "integrity": "sha1-1Vd4qC/rawlj/0vhEdXRaE6JBwc=",
              "requires": {
                "generate-function": "^2.0.0",
                "generate-object-property": "^1.1.0",
                "jsonpointer": "2.0.0",
                "xtend": "^4.0.0"
              },
              "dependencies": {
                "generate-function": {
                  "version": "2.0.0",
                  "resolved": "https://registry.npmjs.org/generate-function/-/generate-function-2.0.0.tgz",
                  "integrity": "sha1-aFj+fAlpt9TpCTM3ZHrHn2DfvnQ="
                },
                "generate-object-property": {
                  "version": "1.2.0",
                  "resolved": "https://registry.npmjs.org/generate-object-property/-/generate-object-property-1.2.0.tgz",
                  "integrity": "sha1-nA4cQDCM6AT0eDYYuTf6iPmdUNA=",
                  "requires": {
                    "is-property": "^1.0.0"
                  },
                  "dependencies": {
                    "is-property": {
                      "version": "1.0.2",
                      "resolved": "https://registry.npmjs.org/is-property/-/is-property-1.0.2.tgz",
                      "integrity": "sha1-V/4cTkhHTt1lsJkR8msc1Ald2oQ="
                    }
                  }
                },
                "jsonpointer": {
                  "version": "2.0.0",
                  "resolved": "https://registry.npmjs.org/jsonpointer/-/jsonpointer-2.0.0.tgz",
                  "integrity": "sha1-OvHdIP6FRjkQ1GmjheMwF9KgMNk="
                },
                "xtend": {
                  "version": "4.0.1",
                  "resolved": "https://registry.npmjs.org/xtend/-/xtend-4.0.1.tgz",
                  "integrity": "sha1-pcbVMr5lbiPbgg77lDofBJmNY68="
                }
              }
            },
            "pinkie-promise": {
              "version": "2.0.1",
              "resolved": "https://registry.npmjs.org/pinkie-promise/-/pinkie-promise-2.0.1.tgz",
              "integrity": "sha1-ITXW36ejWMBprJsXh3YogihFD/o=",
              "requires": {
                "pinkie": "^2.0.0"
              },
              "dependencies": {
                "pinkie": {
                  "version": "2.0.4",
                  "resolved": "https://registry.npmjs.org/pinkie/-/pinkie-2.0.4.tgz",
                  "integrity": "sha1-clVrgM+g1IqXToDnckjoDtT3+HA="
                }
              }
            }
          }
        },
        "hawk": {
          "version": "3.1.3",
          "resolved": "https://registry.npmjs.org/hawk/-/hawk-3.1.3.tgz",
          "integrity": "sha1-B4REvXwWQLD+VA0sm3PVlnjo4cQ=",
          "requires": {
            "boom": "2.x.x",
            "cryptiles": "2.x.x",
            "hoek": "2.x.x",
            "sntp": "1.x.x"
          },
          "dependencies": {
            "boom": {
              "version": "2.10.1",
              "resolved": "https://registry.npmjs.org/boom/-/boom-2.10.1.tgz",
              "integrity": "sha1-OciRjO/1eZ+D+UkqhI9iWt0Mdm8=",
              "requires": {
                "hoek": "2.x.x"
              }
            },
            "cryptiles": {
              "version": "2.0.5",
              "resolved": "https://registry.npmjs.org/cryptiles/-/cryptiles-2.0.5.tgz",
              "integrity": "sha1-O9/s3GCBR8HGcgL6KR59ylnqo7g=",
              "requires": {
                "boom": "2.x.x"
              }
            },
            "hoek": {
              "version": "2.16.3",
              "resolved": "https://registry.npmjs.org/hoek/-/hoek-2.16.3.tgz",
              "integrity": "sha1-ILt0A9POo5jpHcRxCo/xuCdKJe0="
            },
            "sntp": {
              "version": "1.0.9",
              "resolved": "https://registry.npmjs.org/sntp/-/sntp-1.0.9.tgz",
              "integrity": "sha1-ZUEYTMkK7qbG57NeJlkIJEPGYZg=",
              "requires": {
                "hoek": "2.x.x"
              }
            }
          }
        },
        "http-signature": {
          "version": "1.1.1",
          "resolved": "https://registry.npmjs.org/http-signature/-/http-signature-1.1.1.tgz",
          "integrity": "sha1-33LiZwZs0Kxn+3at+OE0qPvPkb8=",
          "requires": {
            "assert-plus": "^0.2.0",
            "jsprim": "^1.2.2",
            "sshpk": "^1.7.0"
          },
          "dependencies": {
            "assert-plus": {
              "version": "0.2.0",
              "resolved": "https://registry.npmjs.org/assert-plus/-/assert-plus-0.2.0.tgz",
              "integrity": "sha1-104bh+ev/A24qttwIfP+SBAasjQ="
            },
            "jsprim": {
              "version": "1.2.2",
              "resolved": "https://registry.npmjs.org/jsprim/-/jsprim-1.2.2.tgz",
              "integrity": "sha1-8gyQaskqvVjjt5rIvHCkiDJRLaE=",
              "requires": {
                "extsprintf": "1.0.2",
                "json-schema": "0.2.2",
                "verror": "1.3.6"
              },
              "dependencies": {
                "extsprintf": {
                  "version": "1.0.2",
                  "resolved": "https://registry.npmjs.org/extsprintf/-/extsprintf-1.0.2.tgz",
                  "integrity": "sha1-4QgOBljjALBilJkMxw4VAiNf1VA="
                },
                "json-schema": {
                  "version": "0.2.2",
                  "resolved": "https://registry.npmjs.org/json-schema/-/json-schema-0.2.2.tgz",
                  "integrity": "sha1-UDVPGfYDkXxpX3C4Wvp3w7DyNQY="
                },
                "verror": {
                  "version": "1.3.6",
                  "resolved": "https://registry.npmjs.org/verror/-/verror-1.3.6.tgz",
                  "integrity": "sha1-z/XfEpRtKX0rqu+qJoniW+AcAFw=",
                  "requires": {
                    "extsprintf": "1.0.2"
                  }
                }
              }
            },
            "sshpk": {
              "version": "1.8.3",
              "resolved": "https://registry.npmjs.org/sshpk/-/sshpk-1.8.3.tgz",
              "integrity": "sha1-iQzJ1hTcUpLlyxpUOwPJq6pcN04=",
              "requires": {
                "asn1": "~0.2.3",
                "assert-plus": "^1.0.0",
                "dashdash": "^1.12.0",
                "ecc-jsbn": "~0.1.1",
                "getpass": "^0.1.1",
                "jodid25519": "^1.0.0",
                "jsbn": "~0.1.0",
                "tweetnacl": "~0.13.0"
              },
              "dependencies": {
                "asn1": {
                  "version": "0.2.3",
                  "resolved": "https://registry.npmjs.org/asn1/-/asn1-0.2.3.tgz",
                  "integrity": "sha1-2sh4dxPJlmhJ/IGAd36+nB3fO4Y="
                },
                "assert-plus": {
                  "version": "1.0.0",
                  "resolved": "https://registry.npmjs.org/assert-plus/-/assert-plus-1.0.0.tgz",
                  "integrity": "sha1-8S4PPF13sLHN2RRpQuTpbB5N1SU="
                },
                "dashdash": {
                  "version": "1.13.1",
                  "resolved": "https://registry.npmjs.org/dashdash/-/dashdash-1.13.1.tgz",
                  "integrity": "sha1-NTDtOLkCa+mvBcg0I8kVQSLj1Hw=",
                  "requires": {
                    "assert-plus": "^1.0.0"
                  }
                },
                "ecc-jsbn": {
                  "version": "0.1.1",
                  "resolved": "https://registry.npmjs.org/ecc-jsbn/-/ecc-jsbn-0.1.1.tgz",
                  "integrity": "sha1-D8c6ntXw1Tw4GTOYUj735UN3dQU=",
                  "optional": true,
                  "requires": {
                    "jsbn": "~0.1.0"
                  }
                },
                "getpass": {
                  "version": "0.1.6",
                  "resolved": "https://registry.npmjs.org/getpass/-/getpass-0.1.6.tgz",
                  "integrity": "sha1-KD/9n8ElaECHUxHBtg6MQBhxEOY=",
                  "requires": {
                    "assert-plus": "^1.0.0"
                  }
                },
                "jodid25519": {
                  "version": "1.0.2",
                  "resolved": "https://registry.npmjs.org/jodid25519/-/jodid25519-1.0.2.tgz",
                  "integrity": "sha1-BtSRIlUJNBlHfUJWM2BuDpB4KWc=",
                  "optional": true,
                  "requires": {
                    "jsbn": "~0.1.0"
                  }
                },
                "jsbn": {
                  "version": "0.1.0",
                  "resolved": "https://registry.npmjs.org/jsbn/-/jsbn-0.1.0.tgz",
                  "integrity": "sha1-ZQmH2g3XT06/WhE3eiqi0nPpff0=",
                  "optional": true
                },
                "tweetnacl": {
                  "version": "0.13.3",
                  "resolved": "https://registry.npmjs.org/tweetnacl/-/tweetnacl-0.13.3.tgz",
                  "integrity": "sha1-1ii1bzvMPVrnS6nUwacE3vWrS1Y=",
                  "optional": true
                }
              }
            }
          }
        },
        "is-typedarray": {
          "version": "1.0.0",
          "resolved": "https://registry.npmjs.org/is-typedarray/-/is-typedarray-1.0.0.tgz",
          "integrity": "sha1-5HnICFjfDBsR3dppQPlgEfzaSpo="
        },
        "isstream": {
          "version": "0.1.2",
          "resolved": "https://registry.npmjs.org/isstream/-/isstream-0.1.2.tgz",
          "integrity": "sha1-R+Y/evVa+m+S4VAOaQ64uFKcCZo="
        },
        "json-stringify-safe": {
          "version": "5.0.1",
          "resolved": "https://registry.npmjs.org/json-stringify-safe/-/json-stringify-safe-5.0.1.tgz",
          "integrity": "sha1-Epai1Y/UXxmg9s4B1lcB4sc1tus="
        },
        "mime-types": {
          "version": "2.1.11",
          "resolved": "https://registry.npmjs.org/mime-types/-/mime-types-2.1.11.tgz",
          "integrity": "sha1-wlnEcb2oCKhdbNGTtDCl+uRHOzw=",
          "requires": {
            "mime-db": "~1.23.0"
          },
          "dependencies": {
            "mime-db": {
              "version": "1.23.0",
              "resolved": "https://registry.npmjs.org/mime-db/-/mime-db-1.23.0.tgz",
              "integrity": "sha1-oxtAcK2uon1zLqMzdApk0OyaZlk="
            }
          }
        },
        "node-uuid": {
          "version": "1.4.7",
          "resolved": "https://registry.npmjs.org/node-uuid/-/node-uuid-1.4.7.tgz",
          "integrity": "sha1-baWhdmjEs91ZYjvaEc9/pMH2Cm8="
        },
        "oauth-sign": {
          "version": "0.8.2",
          "resolved": "https://registry.npmjs.org/oauth-sign/-/oauth-sign-0.8.2.tgz",
          "integrity": "sha1-Rqarfwrq2N6unsBWV4C31O/rnUM="
        },
        "qs": {
          "version": "6.1.0",
          "resolved": "https://registry.npmjs.org/qs/-/qs-6.1.0.tgz",
          "integrity": "sha1-7B0WJrJCeNmfD99FSeUk4k7O6yY="
        },
        "stringstream": {
          "version": "0.0.5",
          "resolved": "https://registry.npmjs.org/stringstream/-/stringstream-0.0.5.tgz",
          "integrity": "sha1-TkhM1N5aC7vuGORjB3EKioFiGHg="
        },
        "tough-cookie": {
          "version": "2.2.2",
          "resolved": "https://registry.npmjs.org/tough-cookie/-/tough-cookie-2.2.2.tgz",
          "integrity": "sha1-yDoYMPTl7wuT7yo0iOck+N4Basc="
        },
        "tunnel-agent": {
          "version": "0.4.3",
          "resolved": "https://registry.npmjs.org/tunnel-agent/-/tunnel-agent-0.4.3.tgz",
          "integrity": "sha1-Y3PbdpCf5XDgjXNYM2Xtgop07us="
        }
      }
    },
    "retry": {
      "version": "0.10.1",
      "resolved": "https://registry.npmjs.org/retry/-/retry-0.10.1.tgz",
      "integrity": "sha1-52OI0heZLCUnUCQdPTlW/tmNj/Q="
    },
    "retry-axios": {
      "version": "0.3.2",
      "resolved": "https://registry.npmjs.org/retry-axios/-/retry-axios-0.3.2.tgz",
      "integrity": "sha512-jp4YlI0qyDFfXiXGhkCOliBN1G7fRH03Nqy8YdShzGqbY5/9S2x/IR6C88ls2DFkbWuL3ASkP7QD3pVrNpPgwQ=="
    },
    "safe-buffer": {
      "version": "5.1.2",
      "resolved": "https://registry.npmjs.org/safe-buffer/-/safe-buffer-5.1.2.tgz",
      "integrity": "sha512-Gd2UZBJDkXlY7GbJxfsE8/nvKkUEU1G38c1siN6QP6a9PT9MmHB8GnpscSmMJSoF8LOIrt8ud/wPtojys4G6+g=="
    },
    "sax": {
      "version": "1.2.4",
      "resolved": "https://registry.npmjs.org/sax/-/sax-1.2.4.tgz",
      "integrity": "sha512-NqVDv9TpANUjFm0N8uM5GxL36UgKi9/atZw+x7YFnQ8ckwFGKrl4xX4yWtrey3UJm5nP1kUbnYgLopqWNSRhWw=="
    },
    "snappy": {
      "version": "6.0.4",
      "resolved": "https://registry.npmjs.org/snappy/-/snappy-6.0.4.tgz",
      "integrity": "sha512-+MjETxi/G7fLtiLFWW9n9VLzpJvOVqRRohJ7kTgaU4bUJ37rsoWwxhZzO91BOB7sCgOILtKsGtCUviUo3REIfQ==",
      "optional": true,
      "requires": {
        "bindings": "^1.3.0",
        "nan": "^2.10.0"
      }
    },
    "string-template": {
      "version": "1.0.0",
      "resolved": "https://registry.npmjs.org/string-template/-/string-template-1.0.0.tgz",
      "integrity": "sha1-np8iM9wA8hhxjsN5oopWc+zKi5Y="
    },
    "string_decoder": {
      "version": "1.1.1",
      "resolved": "https://registry.npmjs.org/string_decoder/-/string_decoder-1.1.1.tgz",
      "integrity": "sha512-n/ShnvDi6FHbbVfviro+WojiFzv+s8MPMHBczVePfUpDJLwoLT0ht1l4YwBCbi8pJAveEEdnkHyPyTP/mzRfwg==",
      "requires": {
        "safe-buffer": "~5.1.0"
      }
    },
    "suncalc": {
      "version": "1.8.0",
      "resolved": "https://registry.npmjs.org/suncalc/-/suncalc-1.8.0.tgz",
      "integrity": "sha1-HZiYEJVjB4dQ9JlKlZ5lTYdqy/U="
    },
    "traverse": {
      "version": "0.3.9",
      "resolved": "https://registry.npmjs.org/traverse/-/traverse-0.3.9.tgz",
      "integrity": "sha1-cXuPIgzAu3tE5AUUwisui7xw2Lk="
    },
    "tuyapi": {
      "version": "github:codetheweb/tuyapi#e6a1361f2cd08a9751f9345e14dced21b74c3d7d",
      "from": "github:codetheweb/tuyapi",
      "requires": {
        "crc": "^3.5.0",
        "debug": "^4.0.0",
        "node-forge": "^0.7.1",
        "p-timeout": "^2.0.1",
        "retry": "^0.10.1"
      },
      "dependencies": {
        "debug": {
          "version": "4.3.3",
          "resolved": "https://registry.npmjs.org/debug/-/debug-4.3.3.tgz",
          "integrity": "sha512-/zxw5+vh1Tfv+4Qn7a5nsbcJKPaSvCDhojn6FEl9vupwK2VCSDtEiEtqr8DFtzYFOdz63LBkxec7DYuc2jon6Q==",
          "requires": {
            "ms": "2.1.2"
          }
        },
        "ms": {
          "version": "2.1.2",
          "resolved": "https://registry.npmjs.org/ms/-/ms-2.1.2.tgz",
          "integrity": "sha512-sGkPx+VjMtmA6MX27oA4FBFELFCZZ4S4XqeGOXCv68tT+jb3vk/RyaKWP0PTKyWtmLSM0b+adUTEvbs1PEaH2w=="
        }
      }
    },
    "underscore": {
      "version": "1.4.4",
      "resolved": "https://registry.npmjs.org/underscore/-/underscore-1.4.4.tgz",
      "integrity": "sha1-YaajIBBiKvoHljvzJSA88SI51gQ="
    },
    "util-deprecate": {
      "version": "1.0.2",
      "resolved": "https://registry.npmjs.org/util-deprecate/-/util-deprecate-1.0.2.tgz",
      "integrity": "sha1-RQ1Nyfpw3nMnYvvS1KKJgUGaDM8="
    },
    "uuid": {
      "version": "3.3.2",
      "resolved": "https://registry.npmjs.org/uuid/-/uuid-3.3.2.tgz",
      "integrity": "sha512-yXJmeNaw3DnnKAOKJE51sL/ZaYfWJRl1pK9dr19YFCu0ObS231AB1/LbqTKRAQ5kw8A90rA6fr4riOUpTZvQZA=="
    },
    "wemo-client": {
      "version": "0.15.0",
      "resolved": "https://registry.npmjs.org/wemo-client/-/wemo-client-0.15.0.tgz",
      "integrity": "sha512-zf266rvxXMtC7y9nR1Xu/yeYQCGgUPjYRQ1E4LZPxNiC5csDLIZBFklpUU3alcxSr+vqUpVtLDZz/iWiLX8sVw==",
      "requires": {
        "debug": "^2.6.9",
        "entities": "^1.1.1",
        "ip": "^1.1.5",
        "node-ssdp": "^3.2.5",
        "xml2js": "^0.4.19",
        "xmlbuilder": "^8.2.2"
      },
      "dependencies": {
        "debug": {
          "version": "2.6.9",
          "resolved": "https://registry.npmjs.org/debug/-/debug-2.6.9.tgz",
          "integrity": "sha512-bC7ElrdJaJnPbAP+1EotYvqZsb3ecl5wi6Bfi6BJTUcNowp6cvspg0jXznRTKDjm/E7AdgFBVeAPVMNcKGsHMA==",
          "requires": {
            "ms": "2.0.0"
          }
        }
      }
    },
    "xml2js": {
      "version": "0.4.19",
      "resolved": "https://registry.npmjs.org/xml2js/-/xml2js-0.4.19.tgz",
      "integrity": "sha512-esZnJZJOiJR9wWKMyuvSE1y6Dq5LCuJanqhxslH2bxM6duahNZ+HMpCLhBQGZkbX6xRf8x1Y2eJlgt2q3qo49Q==",
      "requires": {
        "sax": ">=0.6.0",
        "xmlbuilder": "~9.0.1"
      },
      "dependencies": {
        "xmlbuilder": {
          "version": "9.0.7",
          "resolved": "http://registry.npmjs.org/xmlbuilder/-/xmlbuilder-9.0.7.tgz",
          "integrity": "sha1-Ey7mPS7FVlxVfiD0wi35rKaGsQ0="
        }
      }
    },
    "xmlbuilder": {
      "version": "8.2.2",
      "resolved": "http://registry.npmjs.org/xmlbuilder/-/xmlbuilder-8.2.2.tgz",
      "integrity": "sha1-aSSGc0ELS6QuGmE2VR0pIjNap3M="
    },
    "yallist": {
      "version": "2.1.2",
      "resolved": "https://registry.npmjs.org/yallist/-/yallist-2.1.2.tgz",
      "integrity": "sha1-HBH5IY8HYImkfdUS+TxmmaaoHVI="
    }
  }
}
